
Microsoft Visual Studio Solution File, Format Version 12.00
# Visual Studio Version 16
VisualStudioVersion = 16.0.31729.503
MinimumVisualStudioVersion = 10.0.40219.1
Project("{FAE04EC0-301F-11D3-BF4B-00C04F79EFBC}") = "DataDok", "DataDok\DataDok.csproj", "{220AF7C5-957D-445F-AF9F-73B898246A2A}"
EndProject
Global
	GlobalSection(SolutionConfigurationPlatforms) = preSolution
		Debug|Any CPU = Debug|Any CPU
		Release|Any CPU = Release|Any CPU
	EndGlobalSection
	GlobalSection(ProjectConfigurationPlatforms) = postSolution
		{220AF7C5-957D-445F-AF9F-73B898246A2A}.Debug|Any CPU.ActiveCfg = Debug|Any CPU
		{220AF7C5-957D-445F-AF9F-73B898246A2A}.Debug|Any CPU.Build.0 = Debug|Any CPU
		{220AF7C5-957D-445F-AF9F-73B898246A2A}.Release|Any CPU.ActiveCfg = Release|Any CPU
		{220AF7C5-957D-445F-AF9F-73B898246A2A}.Release|Any CPU.Build.0 = Release|Any CPU
	EndGlobalSection
	GlobalSection(SolutionProperties) = preSolution
		HideSolutionNode = FALSE
	EndGlobalSection
	GlobalSection(ExtensibilityGlobals) = postSolution
		SolutionGuid = {BF7B3CF6-F1CE-406B-9CFA-4E061ED070B0}
	EndGlobalSection
EndGlobal
